
Microsoft Visual Studio Solution File, Format Version 12.00
# Visual Studio 15
VisualStudioVersion = 15.0.27130.2010
MinimumVisualStudioVersion = 10.0.40219.1
Project("{FAE04EC0-301F-11D3-BF4B-00C04F79EFBC}") = "ItemsBasket.Service", "ItemsBasket.Service\ItemsBasket.Service.csproj", "{CDCA684E-4498-4698-86DA-EFD5ADFDC16B}"
EndProject
Project("{FAE04EC0-301F-11D3-BF4B-00C04F79EFBC}") = "ItemsBasket.AuthenticationService", "ItemsBasket.AuthenticationService\ItemsBasket.AuthenticationService.csproj", "{1A4C7B58-5F4C-409F-AA82-63B860BA58DA}"
EndProject
Project("{FAE04EC0-301F-11D3-BF4B-00C04F79EFBC}") = "ItemsBasket.Common", "ItemsBasket.Common\ItemsBasket.Common.csproj", "{2D42D64D-F2B9-4E25-BF4F-43EAFD8C0125}"
EndProject
Global
	GlobalSection(SolutionConfigurationPlatforms) = preSolution
		Debug|Any CPU = Debug|Any CPU
		Release|Any CPU = Release|Any CPU
	EndGlobalSection
	GlobalSection(ProjectConfigurationPlatforms) = postSolution
		{CDCA684E-4498-4698-86DA-EFD5ADFDC16B}.Debug|Any CPU.ActiveCfg = Debug|Any CPU
		{CDCA684E-4498-4698-86DA-EFD5ADFDC16B}.Debug|Any CPU.Build.0 = Debug|Any CPU
		{CDCA684E-4498-4698-86DA-EFD5ADFDC16B}.Release|Any CPU.ActiveCfg = Release|Any CPU
		{CDCA684E-4498-4698-86DA-EFD5ADFDC16B}.Release|Any CPU.Build.0 = Release|Any CPU
		{1A4C7B58-5F4C-409F-AA82-63B860BA58DA}.Debug|Any CPU.ActiveCfg = Debug|Any CPU
		{1A4C7B58-5F4C-409F-AA82-63B860BA58DA}.Debug|Any CPU.Build.0 = Debug|Any CPU
		{1A4C7B58-5F4C-409F-AA82-63B860BA58DA}.Release|Any CPU.ActiveCfg = Release|Any CPU
		{1A4C7B58-5F4C-409F-AA82-63B860BA58DA}.Release|Any CPU.Build.0 = Release|Any CPU
		{2D42D64D-F2B9-4E25-BF4F-43EAFD8C0125}.Debug|Any CPU.ActiveCfg = Debug|Any CPU
		{2D42D64D-F2B9-4E25-BF4F-43EAFD8C0125}.Debug|Any CPU.Build.0 = Debug|Any CPU
		{2D42D64D-F2B9-4E25-BF4F-43EAFD8C0125}.Release|Any CPU.ActiveCfg = Release|Any CPU
		{2D42D64D-F2B9-4E25-BF4F-43EAFD8C0125}.Release|Any CPU.Build.0 = Release|Any CPU
	EndGlobalSection
	GlobalSection(SolutionProperties) = preSolution
		HideSolutionNode = FALSE
	EndGlobalSection
	GlobalSection(ExtensibilityGlobals) = postSolution
		SolutionGuid = {2C21F3BB-E655-4075-A08B-8623BECF4A68}
	EndGlobalSection
EndGlobal
